// !$*UTF8*$!
{
	archiveVersion = 1;
	classes = {
	};
	objectVersion = 50;
	objects = {

/* Begin PBXBuildFile section */
		271E1FA925E3925700A51F50 /* FooterView.swift in Sources */ = {isa = PBXBuildFile; fileRef = 271E1FA825E3925700A51F50 /* FooterView.swift */; };
		271E1FAD25E3AD6500A51F50 /* WeatherData.swift in Sources */ = {isa = PBXBuildFile; fileRef = 271E1FAC25E3AD6500A51F50 /* WeatherData.swift */; };
		273AA73325DF6A7C008A7735 /* AppDelegate.swift in Sources */ = {isa = PBXBuildFile; fileRef = 273AA73225DF6A7C008A7735 /* AppDelegate.swift */; };
		273AA73525DF6A7C008A7735 /* SceneDelegate.swift in Sources */ = {isa = PBXBuildFile; fileRef = 273AA73425DF6A7C008A7735 /* SceneDelegate.swift */; };
		273AA73725DF6A7C008A7735 /* ViewController.swift in Sources */ = {isa = PBXBuildFile; fileRef = 273AA73625DF6A7C008A7735 /* ViewController.swift */; };
		273AA73A25DF6A7C008A7735 /* Main.storyboard in Resources */ = {isa = PBXBuildFile; fileRef = 273AA73825DF6A7C008A7735 /* Main.storyboard */; };
		273AA73C25DF6A7D008A7735 /* Assets.xcassets in Resources */ = {isa = PBXBuildFile; fileRef = 273AA73B25DF6A7D008A7735 /* Assets.xcassets */; };
		273AA73F25DF6A7D008A7735 /* LaunchScreen.storyboard in Resources */ = {isa = PBXBuildFile; fileRef = 273AA73D25DF6A7D008A7735 /* LaunchScreen.storyboard */; };
		273AA74D25DF6B8B008A7735 /* WeatherHomeTableViewCell.swift in Sources */ = {isa = PBXBuildFile; fileRef = 273AA74B25DF6B8B008A7735 /* WeatherHomeTableViewCell.swift */; };
		273AA74E25DF6B8B008A7735 /* WeatherHomeTableViewCell.xib in Resources */ = {isa = PBXBuildFile; fileRef = 273AA74C25DF6B8B008A7735 /* WeatherHomeTableViewCell.xib */; };
		274CA23225DF9E6E00B997D0 /* 放大燈.webp in Resources */ = {isa = PBXBuildFile; fileRef = 274CA23125DF9E6E00B997D0 /* 放大燈.webp */; };
		274CA23525DF9FAB00B997D0 /* SearchViewController.swift in Sources */ = {isa = PBXBuildFile; fileRef = 274CA23425DF9FAB00B997D0 /* SearchViewController.swift */; };
		2792030F25E4A04B00034A84 /* WeatherDetailViewController.swift in Sources */ = {isa = PBXBuildFile; fileRef = 2792030E25E4A04B00034A84 /* WeatherDetailViewController.swift */; };
/* End PBXBuildFile section */

/* Begin PBXFileReference section */
		271E1FA825E3925700A51F50 /* FooterView.swift */ = {isa = PBXFileReference; lastKnownFileType = sourcecode.swift; path = FooterView.swift; sourceTree = "<group>"; };
		271E1FAC25E3AD6500A51F50 /* WeatherData.swift */ = {isa = PBXFileReference; lastKnownFileType = sourcecode.swift; path = WeatherData.swift; sourceTree = "<group>"; };
		273AA72F25DF6A7C008A7735 /* WeatherApp.app */ = {isa = PBXFileReference; explicitFileType = wrapper.application; includeInIndex = 0; path = WeatherApp.app; sourceTree = BUILT_PRODUCTS_DIR; };
		273AA73225DF6A7C008A7735 /* AppDelegate.swift */ = {isa = PBXFileReference; lastKnownFileType = sourcecode.swift; path = AppDelegate.swift; sourceTree = "<group>"; };
		273AA73425DF6A7C008A7735 /* SceneDelegate.swift */ = {isa = PBXFileReference; lastKnownFileType = sourcecode.swift; path = SceneDelegate.swift; sourceTree = "<group>"; };
		273AA73625DF6A7C008A7735 /* ViewController.swift */ = {isa = PBXFileReference; lastKnownFileType = sourcecode.swift; path = ViewController.swift; sourceTree = "<group>"; };
		273AA73925DF6A7C008A7735 /* Base */ = {isa = PBXFileReference; lastKnownFileType = file.storyboard; name = Base; path = Base.lproj/Main.storyboard; sourceTree = "<group>"; };
		273AA73B25DF6A7D008A7735 /* Assets.xcassets */ = {isa = PBXFileReference; lastKnownFileType = folder.assetcatalog; path = Assets.xcassets; sourceTree = "<group>"; };
		273AA73E25DF6A7D008A7735 /* Base */ = {isa = PBXFileReference; lastKnownFileType = file.storyboard; name = Base; path = Base.lproj/LaunchScreen.storyboard; sourceTree = "<group>"; };
		273AA74025DF6A7D008A7735 /* Info.plist */ = {isa = PBXFileReference; lastKnownFileType = text.plist.xml; path = Info.plist; sourceTree = "<group>"; };
		273AA74B25DF6B8B008A7735 /* WeatherHomeTableViewCell.swift */ = {isa = PBXFileReference; lastKnownFileType = sourcecode.swift; path = WeatherHomeTableViewCell.swift; sourceTree = "<group>"; };
		273AA74C25DF6B8B008A7735 /* WeatherHomeTableViewCell.xib */ = {isa = PBXFileReference; lastKnownFileType = file.xib; path = WeatherHomeTableViewCell.xib; sourceTree = "<group>"; };
		274CA23125DF9E6E00B997D0 /* 放大燈.webp */ = {isa = PBXFileReference; lastKnownFileType = file; path = "放大燈.webp"; sourceTree = "<group>"; };
		274CA23425DF9FAB00B997D0 /* SearchViewController.swift */ = {isa = PBXFileReference; lastKnownFileType = sourcecode.swift; path = SearchViewController.swift; sourceTree = "<group>"; };
		2792030E25E4A04B00034A84 /* WeatherDetailViewController.swift */ = {isa = PBXFileReference; lastKnownFileType = sourcecode.swift; path = WeatherDetailViewController.swift; sourceTree = "<group>"; };
/* End PBXFileReference section */

/* Begin PBXFrameworksBuildPhase section */
		273AA72C25DF6A7C008A7735 /* Frameworks */ = {
			isa = PBXFrameworksBuildPhase;
			buildActionMask = 2147483647;
			files = (
			);
			runOnlyForDeploymentPostprocessing = 0;
		};
/* End PBXFrameworksBuildPhase section */

/* Begin PBXGroup section */
		273AA72625DF6A7C008A7735 = {
			isa = PBXGroup;
			children = (
				273AA73125DF6A7C008A7735 /* WeatherApp */,
				273AA73025DF6A7C008A7735 /* Products */,
			);
			sourceTree = "<group>";
		};
		273AA73025DF6A7C008A7735 /* Products */ = {
			isa = PBXGroup;
			children = (
				273AA72F25DF6A7C008A7735 /* WeatherApp.app */,
			);
			name = Products;
			sourceTree = "<group>";
		};
		273AA73125DF6A7C008A7735 /* WeatherApp */ = {
			isa = PBXGroup;
			children = (
				273AA73225DF6A7C008A7735 /* AppDelegate.swift */,
				273AA73425DF6A7C008A7735 /* SceneDelegate.swift */,
				273AA73825DF6A7C008A7735 /* Main.storyboard */,
				273AA73B25DF6A7D008A7735 /* Assets.xcassets */,
				273AA73D25DF6A7D008A7735 /* LaunchScreen.storyboard */,
				273AA74025DF6A7D008A7735 /* Info.plist */,
				273AA75025DF9781008A7735 /* Model */,
				273AA75125DF9789008A7735 /* VIew */,
				273AA75225DF97A6008A7735 /* Control */,
				274CA23025DF9E3B00B997D0 /* Picture */,
			);
			path = WeatherApp;
			sourceTree = "<group>";
		};
		273AA75025DF9781008A7735 /* Model */ = {
			isa = PBXGroup;
			children = (
				271E1FAC25E3AD6500A51F50 /* WeatherData.swift */,
			);
			path = Model;
			sourceTree = "<group>";
		};
		273AA75125DF9789008A7735 /* VIew */ = {
			isa = PBXGroup;
			children = (
				273AA73625DF6A7C008A7735 /* ViewController.swift */,
				274CA23425DF9FAB00B997D0 /* SearchViewController.swift */,
				2792030E25E4A04B00034A84 /* WeatherDetailViewController.swift */,
				273AA74C25DF6B8B008A7735 /* WeatherHomeTableViewCell.xib */,
				273AA74B25DF6B8B008A7735 /* WeatherHomeTableViewCell.swift */,
				271E1FA825E3925700A51F50 /* FooterView.swift */,
			);
			path = VIew;
			sourceTree = "<group>";
		};
		273AA75225DF97A6008A7735 /* Control */ = {
			isa = PBXGroup;
			children = (
			);
			path = Control;
			sourceTree = "<group>";
		};
		274CA23025DF9E3B00B997D0 /* Picture */ = {
			isa = PBXGroup;
			children = (
				274CA23125DF9E6E00B997D0 /* 放大燈.webp */,
			);
			path = Picture;
			sourceTree = "<group>";
		};
/* End PBXGroup section */

/* Begin PBXNativeTarget section */
		273AA72E25DF6A7C008A7735 /* WeatherApp */ = {
			isa = PBXNativeTarget;
			buildConfigurationList = 273AA74325DF6A7D008A7735 /* Build configuration list for PBXNativeTarget "WeatherApp" */;
			buildPhases = (
				273AA72B25DF6A7C008A7735 /* Sources */,
				273AA72C25DF6A7C008A7735 /* Frameworks */,
				273AA72D25DF6A7C008A7735 /* Resources */,
			);
			buildRules = (
			);
			dependencies = (
			);
			name = WeatherApp;
			productName = WeatherApp;
			productReference = 273AA72F25DF6A7C008A7735 /* WeatherApp.app */;
			productType = "com.apple.product-type.application";
		};
/* End PBXNativeTarget section */

/* Begin PBXProject section */
		273AA72725DF6A7C008A7735 /* Project object */ = {
			isa = PBXProject;
			attributes = {
				LastSwiftUpdateCheck = 1230;
				LastUpgradeCheck = 1230;
				TargetAttributes = {
					273AA72E25DF6A7C008A7735 = {
						CreatedOnToolsVersion = 12.3;
					};
				};
			};
			buildConfigurationList = 273AA72A25DF6A7C008A7735 /* Build configuration list for PBXProject "WeatherApp" */;
			compatibilityVersion = "Xcode 9.3";
			developmentRegion = en;
			hasScannedForEncodings = 0;
			knownRegions = (
				en,
				Base,
			);
			mainGroup = 273AA72625DF6A7C008A7735;
			productRefGroup = 273AA73025DF6A7C008A7735 /* Products */;
			projectDirPath = "";
			projectRoot = "";
			targets = (
				273AA72E25DF6A7C008A7735 /* WeatherApp */,
			);
		};
/* End PBXProject section */

/* Begin PBXResourcesBuildPhase section */
		273AA72D25DF6A7C008A7735 /* Resources */ = {
			isa = PBXResourcesBuildPhase;
			buildActionMask = 2147483647;
			files = (
				274CA23225DF9E6E00B997D0 /* 放大燈.webp in Resources */,
				273AA73F25DF6A7D008A7735 /* LaunchScreen.storyboard in Resources */,
				273AA74E25DF6B8B008A7735 /* WeatherHomeTableViewCell.xib in Resources */,
				273AA73C25DF6A7D008A7735 /* Assets.xcassets in Resources */,
				273AA73A25DF6A7C008A7735 /* Main.storyboard in Resources */,
			);
			runOnlyForDeploymentPostprocessing = 0;
		};
/* End PBXResourcesBuildPhase section */

/* Begin PBXSourcesBuildPhase section */
		273AA72B25DF6A7C008A7735 /* Sources */ = {
			isa = PBXSourcesBuildPhase;
			buildActionMask = 2147483647;
			files = (
				274CA23525DF9FAB00B997D0 /* SearchViewController.swift in Sources */,
				273AA73725DF6A7C008A7735 /* ViewController.swift in Sources */,
				2792030F25E4A04B00034A84 /* WeatherDetailViewController.swift in Sources */,
				271E1FAD25E3AD6500A51F50 /* WeatherData.swift in Sources */,
				273AA74D25DF6B8B008A7735 /* WeatherHomeTableViewCell.swift in Sources */,
				271E1FA925E3925700A51F50 /* FooterView.swift in Sources */,
				273AA73325DF6A7C008A7735 /* AppDelegate.swift in Sources */,
				273AA73525DF6A7C008A7735 /* SceneDelegate.swift in Sources */,
			);
			runOnlyForDeploymentPostprocessing = 0;
		};
/* End PBXSourcesBuildPhase section */

/* Begin PBXVariantGroup section */
		273AA73825DF6A7C008A7735 /* Main.storyboard */ = {
			isa = PBXVariantGroup;
			children = (
				273AA73925DF6A7C008A7735 /* Base */,
			);
			name = Main.storyboard;
			sourceTree = "<group>";
		};
		273AA73D25DF6A7D008A7735 /* LaunchScreen.storyboard */ = {
			isa = PBXVariantGroup;
			children = (
				273AA73E25DF6A7D008A7735 /* Base */,
			);
			name = LaunchScreen.storyboard;
			sourceTree = "<group>";
		};
/* End PBXVariantGroup section */

/* Begin XCBuildConfiguration section */
		273AA74125DF6A7D008A7735 /* Debug */ = {
			isa = XCBuildConfiguration;
			buildSettings = {
				ALWAYS_SEARCH_USER_PATHS = NO;
				CLANG_ANALYZER_NONNULL = YES;
				CLANG_ANALYZER_NUMBER_OBJECT_CONVERSION = YES_AGGRESSIVE;
				CLANG_CXX_LANGUAGE_STANDARD = "gnu++14";
				CLANG_CXX_LIBRARY = "libc++";
				CLANG_ENABLE_MODULES = YES;
				CLANG_ENABLE_OBJC_ARC = YES;
				CLANG_ENABLE_OBJC_WEAK = YES;
				CLANG_WARN_BLOCK_CAPTURE_AUTORELEASING = YES;
				CLANG_WARN_BOOL_CONVERSION = YES;
				CLANG_WARN_COMMA = YES;
				CLANG_WARN_CONSTANT_CONVERSION = YES;
				CLANG_WARN_DEPRECATED_OBJC_IMPLEMENTATIONS = YES;
				CLANG_WARN_DIRECT_OBJC_ISA_USAGE = YES_ERROR;
				CLANG_WARN_DOCUMENTATION_COMMENTS = YES;
				CLANG_WARN_EMPTY_BODY = YES;
				CLANG_WARN_ENUM_CONVERSION = YES;
				CLANG_WARN_INFINITE_RECURSION = YES;
				CLANG_WARN_INT_CONVERSION = YES;
				CLANG_WARN_NON_LITERAL_NULL_CONVERSION = YES;
				CLANG_WARN_OBJC_IMPLICIT_RETAIN_SELF = YES;
				CLANG_WARN_OBJC_LITERAL_CONVERSION = YES;
				CLANG_WARN_OBJC_ROOT_CLASS = YES_ERROR;
				CLANG_WARN_QUOTED_INCLUDE_IN_FRAMEWORK_HEADER = YES;
				CLANG_WARN_RANGE_LOOP_ANALYSIS = YES;
				CLANG_WARN_STRICT_PROTOTYPES = YES;
				CLANG_WARN_SUSPICIOUS_MOVE = YES;
				CLANG_WARN_UNGUARDED_AVAILABILITY = YES_AGGRESSIVE;
				CLANG_WARN_UNREACHABLE_CODE = YES;
				CLANG_WARN__DUPLICATE_METHOD_MATCH = YES;
				COPY_PHASE_STRIP = NO;
				DEBUG_INFORMATION_FORMAT = dwarf;
				ENABLE_STRICT_OBJC_MSGSEND = YES;
				ENABLE_TESTABILITY = YES;
				GCC_C_LANGUAGE_STANDARD = gnu11;
				GCC_DYNAMIC_NO_PIC = NO;
				GCC_NO_COMMON_BLOCKS = YES;
				GCC_OPTIMIZATION_LEVEL = 0;
				GCC_PREPROCESSOR_DEFINITIONS = (
					"DEBUG=1",
					"$(inherited)",
				);
				GCC_WARN_64_TO_32_BIT_CONVERSION = YES;
				GCC_WARN_ABOUT_RETURN_TYPE = YES_ERROR;
				GCC_WARN_UNDECLARED_SELECTOR = YES;
				GCC_WARN_UNINITIALIZED_AUTOS = YES_AGGRESSIVE;
				GCC_WARN_UNUSED_FUNCTION = YES;
				GCC_WARN_UNUSED_VARIABLE = YES;
				IPHONEOS_DEPLOYMENT_TARGET = 14.3;
				MTL_ENABLE_DEBUG_INFO = INCLUDE_SOURCE;
				MTL_FAST_MATH = YES;
				ONLY_ACTIVE_ARCH = YES;
				SDKROOT = iphoneos;
				SWIFT_ACTIVE_COMPILATION_CONDITIONS = DEBUG;
				SWIFT_OPTIMIZATION_LEVEL = "-Onone";
			};
			name = Debug;
		};
		273AA74225DF6A7D008A7735 /* Release */ = {
			isa = XCBuildConfiguration;
			buildSettings = {
				ALWAYS_SEARCH_USER_PATHS = NO;
				CLANG_ANALYZER_NONNULL = YES;
				CLANG_ANALYZER_NUMBER_OBJECT_CONVERSION = YES_AGGRESSIVE;
				CLANG_CXX_LANGUAGE_STANDARD = "gnu++14";
				CLANG_CXX_LIBRARY = "libc++";
				CLANG_ENABLE_MODULES = YES;
				CLANG_ENABLE_OBJC_ARC = YES;
				CLANG_ENABLE_OBJC_WEAK = YES;
				CLANG_WARN_BLOCK_CAPTURE_AUTORELEASING = YES;
				CLANG_WARN_BOOL_CONVERSION = YES;
				CLANG_WARN_COMMA = YES;
				CLANG_WARN_CONSTANT_CONVERSION = YES;
				CLANG_WARN_DEPRECATED_OBJC_IMPLEMENTATIONS = YES;
				CLANG_WARN_DIRECT_OBJC_ISA_USAGE = YES_ERROR;
				CLANG_WARN_DOCUMENTATION_COMMENTS = YES;
				CLANG_WARN_EMPTY_BODY = YES;
				CLANG_WARN_ENUM_CONVERSION = YES;
				CLANG_WARN_INFINITE_RECURSION = YES;
				CLANG_WARN_INT_CONVERSION = YES;
				CLANG_WARN_NON_LITERAL_NULL_CONVERSION = YES;
				CLANG_WARN_OBJC_IMPLICIT_RETAIN_SELF = YES;
				CLANG_WARN_OBJC_LITERAL_CONVERSION = YES;
				CLANG_WARN_OBJC_ROOT_CLASS = YES_ERROR;
				CLANG_WARN_QUOTED_INCLUDE_IN_FRAMEWORK_HEADER = YES;
				CLANG_WARN_RANGE_LOOP_ANALYSIS = YES;
				CLANG_WARN_STRICT_PROTOTYPES = YES;
				CLANG_WARN_SUSPICIOUS_MOVE = YES;
				CLANG_WARN_UNGUARDED_AVAILABILITY = YES_AGGRESSIVE;
				CLANG_WARN_UNREACHABLE_CODE = YES;
				CLANG_WARN__DUPLICATE_METHOD_MATCH = YES;
				COPY_PHASE_STRIP = NO;
				DEBUG_INFORMATION_FORMAT = "dwarf-with-dsym";
				ENABLE_NS_ASSERTIONS = NO;
				ENABLE_STRICT_OBJC_MSGSEND = YES;
				GCC_C_LANGUAGE_STANDARD = gnu11;
				GCC_NO_COMMON_BLOCKS = YES;
				GCC_WARN_64_TO_32_BIT_CONVERSION = YES;
				GCC_WARN_ABOUT_RETURN_TYPE = YES_ERROR;
				GCC_WARN_UNDECLARED_SELECTOR = YES;
				GCC_WARN_UNINITIALIZED_AUTOS = YES_AGGRESSIVE;
				GCC_WARN_UNUSED_FUNCTION = YES;
				GCC_WARN_UNUSED_VARIABLE = YES;
				IPHONEOS_DEPLOYMENT_TARGET = 14.3;
				MTL_ENABLE_DEBUG_INFO = NO;
				MTL_FAST_MATH = YES;
				SDKROOT = iphoneos;
				SWIFT_COMPILATION_MODE = wholemodule;
				SWIFT_OPTIMIZATION_LEVEL = "-O";
				VALIDATE_PRODUCT = YES;
			};
			name = Release;
		};
		273AA74425DF6A7D008A7735 /* Debug */ = {
			isa = XCBuildConfiguration;
			buildSettings = {
				ASSETCATALOG_COMPILER_APPICON_NAME = AppIcon;
				ASSETCATALOG_COMPILER_GLOBAL_ACCENT_COLOR_NAME = AccentColor;
				CODE_SIGN_STYLE = Automatic;
				DEVELOPMENT_TEAM = 5U9UNZJQWA;
				INFOPLIST_FILE = WeatherApp/Info.plist;
				LD_RUNPATH_SEARCH_PATHS = (
					"$(inherited)",
					"@executable_path/Frameworks",
				);
				PRODUCT_BUNDLE_IDENTIFIER = com..WeatherApp;
				PRODUCT_NAME = "$(TARGET_NAME)";
				SWIFT_VERSION = 5.0;
				TARGETED_DEVICE_FAMILY = "1,2";
			};
			name = Debug;
		};
		273AA74525DF6A7D008A7735 /* Release */ = {
			isa = XCBuildConfiguration;
			buildSettings = {
				ASSETCATALOG_COMPILER_APPICON_NAME = AppIcon;
				ASSETCATALOG_COMPILER_GLOBAL_ACCENT_COLOR_NAME = AccentColor;
				CODE_SIGN_STYLE = Automatic;
				DEVELOPMENT_TEAM = 5U9UNZJQWA;
				INFOPLIST_FILE = WeatherApp/Info.plist;
				LD_RUNPATH_SEARCH_PATHS = (
					"$(inherited)",
					"@executable_path/Frameworks",
				);
				PRODUCT_BUNDLE_IDENTIFIER = com..WeatherApp;
				PRODUCT_NAME = "$(TARGET_NAME)";
				SWIFT_VERSION = 5.0;
				TARGETED_DEVICE_FAMILY = "1,2";
			};
			name = Release;
		};
/* End XCBuildConfiguration section */

/* Begin XCConfigurationList section */
		273AA72A25DF6A7C008A7735 /* Build configuration list for PBXProject "WeatherApp" */ = {
			isa = XCConfigurationList;
			buildConfigurations = (
				273AA74125DF6A7D008A7735 /* Debug */,
				273AA74225DF6A7D008A7735 /* Release */,
			);
			defaultConfigurationIsVisible = 0;
			defaultConfigurationName = Release;
		};
		273AA74325DF6A7D008A7735 /* Build configuration list for PBXNativeTarget "WeatherApp" */ = {
			isa = XCConfigurationList;
			buildConfigurations = (
				273AA74425DF6A7D008A7735 /* Debug */,
				273AA74525DF6A7D008A7735 /* Release */,
			);
			defaultConfigurationIsVisible = 0;
			defaultConfigurationName = Release;
		};
/* End XCConfigurationList section */
	};
	rootObject = 273AA72725DF6A7C008A7735 /* Project object */;
}
